
Microsoft Visual Studio Solution File, Format Version 12.00
# Visual Studio Version 16
VisualStudioVersion = 16.0.33801.447
MinimumVisualStudioVersion = 10.0.40219.1
Project("{FAE04EC0-301F-11D3-BF4B-00C04F79EFBC}") = "Abstraction", "Abstraction\Abstraction.csproj", "{86CEF572-E3F3-4B1E-8537-3BB7C23C6DC1}"
EndProject
Global
	GlobalSection(SolutionConfigurationPlatforms) = preSolution
		Debug|Any CPU = Debug|Any CPU
		Release|Any CPU = Release|Any CPU
	EndGlobalSection
	GlobalSection(ProjectConfigurationPlatforms) = postSolution
		{86CEF572-E3F3-4B1E-8537-3BB7C23C6DC1}.Debug|Any CPU.ActiveCfg = Debug|Any CPU
		{86CEF572-E3F3-4B1E-8537-3BB7C23C6DC1}.Debug|Any CPU.Build.0 = Debug|Any CPU
		{86CEF572-E3F3-4B1E-8537-3BB7C23C6DC1}.Release|Any CPU.ActiveCfg = Release|Any CPU
		{86CEF572-E3F3-4B1E-8537-3BB7C23C6DC1}.Release|Any CPU.Build.0 = Release|Any CPU
	EndGlobalSection
	GlobalSection(SolutionProperties) = preSolution
		HideSolutionNode = FALSE
	EndGlobalSection
	GlobalSection(ExtensibilityGlobals) = postSolution
		SolutionGuid = {AC0B8E8B-CAB4-4237-8A8A-9D5589BDA48B}
	EndGlobalSection
EndGlobal
