
Microsoft Visual Studio Solution File, Format Version 12.00
# Visual Studio Version 16
VisualStudioVersion = 16.0.33801.447
MinimumVisualStudioVersion = 10.0.40219.1
Project("{FAE04EC0-301F-11D3-BF4B-00C04F79EFBC}") = "Polymorphism Method Overriding", "Polymorphism Method Overriding\Polymorphism Method Overriding.csproj", "{21AF0DEE-DFA4-44E7-8766-30CD51FE1C44}"
EndProject
Global
	GlobalSection(SolutionConfigurationPlatforms) = preSolution
		Debug|Any CPU = Debug|Any CPU
		Release|Any CPU = Release|Any CPU
	EndGlobalSection
	GlobalSection(ProjectConfigurationPlatforms) = postSolution
		{21AF0DEE-DFA4-44E7-8766-30CD51FE1C44}.Debug|Any CPU.ActiveCfg = Debug|Any CPU
		{21AF0DEE-DFA4-44E7-8766-30CD51FE1C44}.Debug|Any CPU.Build.0 = Debug|Any CPU
		{21AF0DEE-DFA4-44E7-8766-30CD51FE1C44}.Release|Any CPU.ActiveCfg = Release|Any CPU
		{21AF0DEE-DFA4-44E7-8766-30CD51FE1C44}.Release|Any CPU.Build.0 = Release|Any CPU
	EndGlobalSection
	GlobalSection(SolutionProperties) = preSolution
		HideSolutionNode = FALSE
	EndGlobalSection
	GlobalSection(ExtensibilityGlobals) = postSolution
		SolutionGuid = {A1002D93-D9EA-4201-A2C2-3CE3BD6A6D5D}
	EndGlobalSection
EndGlobal
